<?xml version="1.0" encoding="utf-8"?>
<Project ToolsVersion="4.0" xmlns="http://schemas.microsoft.com/developer/msbuild/2003">
  <ItemGroup>
    <Filter Include="Source Files">
      <UniqueIdentifier>{4FC737F1-C7A5-4376-A066-2A32D752A2FF}</UniqueIdentifier>
      <Extensions>cpp;c;cc;cxx;c++;cppm;ixx;def;odl;idl;hpj;bat;asm;asmx</Extensions>
    </Filter>
    <Filter Include="Header Files">
      <UniqueIdentifier>{93995380-89BD-4b04-88EB-625FBE52EBFB}</UniqueIdentifier>
      <Extensions>h;hh;hpp;hxx;h++;hm;inl;inc;ipp;xsd</Extensions>
    </Filter>
    <Filter Include="Source Files\external">
      <UniqueIdentifier>{6dffecea-1faf-446f-9c69-ea6d7cb752f9}</UniqueIdentifier>
    </Filter>
    <Filter Include="Source Files\external\ImGui">
      <UniqueIdentifier>{2c7dfc06-8221-47ac-bdb0-10b1e835a737}</UniqueIdentifier>
    </Filter>
    <Filter Include="Source Files\external\ImGui\ImGui_SFML3">
      <UniqueIdentifier>{77c1ce35-7623-40a7-93f2-40f63893b5d8}</UniqueIdentifier>
    </Filter>
    <Filter Include="Assets">
      <UniqueIdentifier>{5bac240c-8853-4ba2-b713-ae6cb132a41d}</UniqueIdentifier>
    </Filter>
    <Filter Include="Assets\Fonts">
      <UniqueIdentifier>{80c7878e-2fa8-4a93-b1c0-33e8211e467b}</UniqueIdentifier>
    </Filter>
    <Filter Include="Assets\Textures">
      <UniqueIdentifier>{a2b3b42b-7562-43f3-85f4-3d446e4fca13}</UniqueIdentifier>
    </Filter>
    <Filter Include="Source Files\core">
      <UniqueIdentifier>{23094c05-a9a8-463c-88db-823dfdea6e27}</UniqueIdentifier>
    </Filter>
    <Filter Include="Source Files\core\app">
      <UniqueIdentifier>{6e340ce3-fb24-4801-8db4-664a2304203a}</UniqueIdentifier>
    </Filter>
    <Filter Include="Source Files\handlers">
      <UniqueIdentifier>{effd1085-32dd-4bc8-bb2b-bce1ed19f5fe}</UniqueIdentifier>
    </Filter>
    <Filter Include="Source Files\err">
      <UniqueIdentifier>{3464872f-01e8-42bc-bdd9-581bb481769f}</UniqueIdentifier>
    </Filter>
    <Filter Include="Header Files\states">
      <UniqueIdentifier>{d9e5e360-916f-476b-a421-1772fcbcfb1f}</UniqueIdentifier>
    </Filter>
    <Filter Include="Source Files\core\states">
      <UniqueIdentifier>{2da38eae-4250-46f0-b307-cc5de4558795}</UniqueIdentifier>
    </Filter>
    <Filter Include="Header Files\tpl">
      <UniqueIdentifier>{99131712-cafa-4ed5-a58b-1072c66e672e}</UniqueIdentifier>
    </Filter>
    <Filter Include="Assets\Textures\SplashState">
      <UniqueIdentifier>{6096e331-9453-4565-b516-0ef4f80f44ce}</UniqueIdentifier>
    </Filter>
    <Filter Include="Assets\Textures\TitleState">
      <UniqueIdentifier>{9a83d4dd-9271-4b78-bab1-1230a6a1c646}</UniqueIdentifier>
    </Filter>
    <Filter Include="Assets\Music">
      <UniqueIdentifier>{2db1f33a-5a5d-40b5-9c65-3f0c0126a2c3}</UniqueIdentifier>
    </Filter>
    <Filter Include="Header Files\game_objects">
      <UniqueIdentifier>{0f05d454-d714-4a70-a8a4-d3e65dd3c25d}</UniqueIdentifier>
    </Filter>
    <Filter Include="Source Files\game_objects">
      <UniqueIdentifier>{69a47488-4652-4a23-92bb-3d7b9777b6da}</UniqueIdentifier>
    </Filter>
    <Filter Include="Assets\Textures\Player">
      <UniqueIdentifier>{900a983a-4884-4706-9b06-e837dde5bbc1}</UniqueIdentifier>
    </Filter>
    <Filter Include="Header Files\handlers">
      <UniqueIdentifier>{286becda-3ab3-4fba-9324-da44548b0407}</UniqueIdentifier>
    </Filter>
    <Filter Include="Source Files\animation">
      <UniqueIdentifier>{62e675f3-1a7a-4d5c-9d2a-55bc0584202b}</UniqueIdentifier>
    </Filter>
    <Filter Include="Header Files\game_objects\Player">
      <UniqueIdentifier>{e0c9c70d-1c61-4c24-988e-da848c731367}</UniqueIdentifier>
    </Filter>
    <Filter Include="Header Files\game_objects\Enemies">
      <UniqueIdentifier>{0bbbf1b6-bcc5-4ab0-820e-eb458db3f118}</UniqueIdentifier>
    </Filter>
    <Filter Include="Header Files\game_objects\Projectiles">
      <UniqueIdentifier>{321ba070-31d6-4671-b1c0-3c5f3ecb0531}</UniqueIdentifier>
    </Filter>
    <Filter Include="Header Files\game_objects\Platforms">
      <UniqueIdentifier>{b47d05e2-f9cf-42d7-abe6-78eecb1a58f1}</UniqueIdentifier>
    </Filter>
    <Filter Include="Header Files\game_objects\Pickups">
      <UniqueIdentifier>{1e521efe-66bf-4dde-9d16-430a5c896356}</UniqueIdentifier>
    </Filter>
    <Filter Include="Header Files\game_objects\Decor">
      <UniqueIdentifier>{ef3bcbf6-1584-44e6-9fe5-b494184e3880}</UniqueIdentifier>
    </Filter>
    <Filter Include="Header Files\tilemap">
      <UniqueIdentifier>{222fb05c-e5c8-4bf9-9fab-6b788294abdb}</UniqueIdentifier>
    </Filter>
    <Filter Include="Config">
      <UniqueIdentifier>{5cbaf771-b2af-4f39-9b97-7f421b865abb}</UniqueIdentifier>
    </Filter>
    <Filter Include="Config\Animations">
      <UniqueIdentifier>{2940b54e-6cc3-42c8-bfa7-5e047c4706ff}</UniqueIdentifier>
    </Filter>
    <Filter Include="Source Files\tilemap">
      <UniqueIdentifier>{c94118e7-0e14-44c3-8e4c-53bfcf09a4c6}</UniqueIdentifier>
    </Filter>
    <Filter Include="Assets\tilemaps">
      <UniqueIdentifier>{e45b7ff7-dfa6-49e2-8a73-6ec39699e24a}</UniqueIdentifier>
    </Filter>
    <Filter Include="Assets\tilesets">
      <UniqueIdentifier>{1d257ec3-ae18-4752-a27f-728a1d76b50d}</UniqueIdentifier>
    </Filter>
    <Filter Include="Source Files\core\states\resources">
      <UniqueIdentifier>{49948927-0537-4107-af31-6d38c96cbbda}</UniqueIdentifier>
    </Filter>
    <Filter Include="Source Files\physics">
      <UniqueIdentifier>{a717a01d-b8c8-4768-89b0-cb9aa0a50dc7}</UniqueIdentifier>
    </Filter>
    <Filter Include="Header Files\external">
      <UniqueIdentifier>{24a3da1e-9092-4b5e-9867-5cc51b8853e8}</UniqueIdentifier>
    </Filter>
    <Filter Include="Header Files\external\ImGui">
      <UniqueIdentifier>{5a01b968-c3c2-4e0a-92a8-bda51e636c1c}</UniqueIdentifier>
    </Filter>
    <Filter Include="Header Files\external\ImGui\ImGui_SFML3">
      <UniqueIdentifier>{c187b269-2568-4576-9f9e-0f055b3aeea9}</UniqueIdentifier>
    </Filter>
  </ItemGroup>
  <ItemGroup>
    <ClCompile Include="external\ImGui\ImGui_SFML3\imgui-SFML.cpp">
      <Filter>Source Files\external\ImGui\ImGui_SFML3</Filter>
    </ClCompile>
    <ClCompile Include="external\ImGui\imgui.cpp">
      <Filter>Source Files\external\ImGui</Filter>
    </ClCompile>
    <ClCompile Include="external\ImGui\imgui_draw.cpp">
      <Filter>Source Files\external\ImGui</Filter>
    </ClCompile>
    <ClCompile Include="external\ImGui\imgui_tables.cpp">
      <Filter>Source Files\external\ImGui</Filter>
    </ClCompile>
    <ClCompile Include="external\ImGui\imgui_widgets.cpp">
      <Filter>Source Files\external\ImGui</Filter>
    </ClCompile>
    <ClCompile Include="src\core\app\AGameApp.cpp">
      <Filter>Source Files\core\app</Filter>
    </ClCompile>
    <ClCompile Include="src\err\CidError.cpp">
      <Filter>Source Files\err</Filter>
    </ClCompile>
    <ClCompile Include="src\handlers\GStateMgr.cpp">
      <Filter>Source Files\handlers</Filter>
    </ClCompile>
    <ClCompile Include="src\global.cpp">
      <Filter>Source Files</Filter>
    </ClCompile>
    <ClCompile Include="Source.cpp">
      <Filter>Source Files</Filter>
    </ClCompile>
    <ClCompile Include="src\core\states\TitleState.cpp">
      <Filter>Source Files\core\states</Filter>
    </ClCompile>
    <ClCompile Include="src\core\states\SplashState.cpp">
      <Filter>Source Files\core\states</Filter>
    </ClCompile>
    <ClCompile Include="src\core\states\PlayState.cpp">
      <Filter>Source Files\core\states</Filter>
    </ClCompile>
    <ClCompile Include="src\core\states\StateBase.cpp">
      <Filter>Source Files\core\states</Filter>
    </ClCompile>
    <ClCompile Include="src\core\states\GameOverState.cpp">
      <Filter>Source Files\core\states</Filter>
    </ClCompile>
    <ClCompile Include="src\core\states\MenuState.cpp">
      <Filter>Source Files\core\states</Filter>
    </ClCompile>
    <ClCompile Include="src\core\states\PausedState.cpp">
      <Filter>Source Files\core\states</Filter>
    </ClCompile>
    <ClCompile Include="src\core\states\WorldMapState.cpp">
      <Filter>Source Files\core\states</Filter>
    </ClCompile>
    <ClCompile Include="src\core\resources\Cfg.cpp">
      <Filter>Source Files\core\states\resources</Filter>
    </ClCompile>
    <ClCompile Include="src\game_objects\GameObject.cpp">
      <Filter>Source Files\game_objects</Filter>
    </ClCompile>
    <ClCompile Include="src\game_objects\AnimObject.cpp">
      <Filter>Source Files\game_objects</Filter>
    </ClCompile>
    <ClCompile Include="src\handlers\AnimMgr.cpp">
      <Filter>Source Files\handlers</Filter>
    </ClCompile>
    <ClCompile Include="src\animation\Animation.cpp">
      <Filter>Source Files\animation</Filter>
    </ClCompile>
    <ClCompile Include="src\game_objects\Player.cpp">
      <Filter>Source Files\game_objects</Filter>
    </ClCompile>
    <ClCompile Include="src\animation\FSMEvent.cpp">
      <Filter>Source Files</Filter>
    </ClCompile>
    <ClCompile Include="src\game_objects\BackgroundStatic.cpp">
      <Filter>Source Files</Filter>
    </ClCompile>
    <ClCompile Include="src\game_objects\InvariantObject.cpp">
      <Filter>Source Files</Filter>
    </ClCompile>
    <ClCompile Include="src\tilemap\Tile.cpp">
      <Filter>Source Files\tilemap</Filter>
    </ClCompile>
    <ClCompile Include="src\tilemap\Tilemap.cpp">
      <Filter>Source Files\tilemap</Filter>
    </ClCompile>
    <ClCompile Include="src\physics\Physics.cpp">
      <Filter>Source Files\physics</Filter>
    </ClCompile>
  </ItemGroup>
  <ItemGroup>
    <ClInclude Include="external\ImGui\ImGui_SFML3\imgui-SFML.h">
      <Filter>Header Files\external\ImGui\ImGui_SFML3</Filter>
    </ClInclude>
    <ClInclude Include="external\ImGui\imconfig.h">
      <Filter>Header Files\external\ImGui</Filter>
    </ClInclude>
    <ClInclude Include="external\ImGui\imgui.h">
      <Filter>Header Files\external\ImGui</Filter>
    </ClInclude>
    <ClInclude Include="external\ImGui\imgui_internal.h">
      <Filter>Header Files\external\ImGui</Filter>
    </ClInclude>
    <ClInclude Include="external\ImGui\imstb_rectpack.h">
      <Filter>Header Files\external\ImGui</Filter>
    </ClInclude>
    <ClInclude Include="external\ImGui\imstb_textedit.h">
      <Filter>Header Files\external\ImGui</Filter>
    </ClInclude>
    <ClInclude Include="external\ImGui\imstb_truetype.h">
      <Filter>Header Files\external\ImGui</Filter>
    </ClInclude>
    <ClInclude Include="external\ImGui\ImGui_SFML3\imconfig-SFML.h">
      <Filter>Header Files\external\ImGui\ImGui_SFML3</Filter>
    </ClInclude>
    <ClInclude Include="external\ImGui\ImGui_SFML3\imgui-SFML_export.h">
      <Filter>Header Files\external\ImGui\ImGui_SFML3</Filter>
    </ClInclude>
    <ClInclude Include="src\core\app\AGameApp.h">
      <Filter>Header Files</Filter>
    </ClInclude>
    <ClInclude Include="src\err\CidError.h">
      <Filter>Header Files</Filter>
    </ClInclude>
    <ClInclude Include="src\err\ErrorMacros.h">
      <Filter>Header Files</Filter>
    </ClInclude>
    <ClInclude Include="src\global.h">
      <Filter>Header Files</Filter>
    </ClInclude>
    <ClInclude Include="src\handlers\GStateMgr.h">
      <Filter>Header Files</Filter>
    </ClInclude>
    <ClInclude Include="src\core\states\PlayState.h">
      <Filter>Header Files\states</Filter>
    </ClInclude>
    <ClInclude Include="src\core\states\SplashState.h">
      <Filter>Header Files\states</Filter>
    </ClInclude>
    <ClInclude Include="src\core\states\StateBase.h">
      <Filter>Header Files\states</Filter>
    </ClInclude>
    <ClInclude Include="src\core\states\TitleState.h">
      <Filter>Header Files\states</Filter>
    </ClInclude>
    <ClInclude Include="src\core\states\GameOverState.h">
      <Filter>Header Files\states</Filter>
    </ClInclude>
    <ClInclude Include="src\core\states\MenuState.h">
      <Filter>Header Files\states</Filter>
    </ClInclude>
    <ClInclude Include="src\core\states\PausedState.h">
      <Filter>Header Files\states</Filter>
    </ClInclude>
    <ClInclude Include="src\core\states\WorldMapState.h">
      <Filter>Header Files\states</Filter>
    </ClInclude>
    <ClInclude Include="src\core\resources\Cfg.h">
      <Filter>Header Files</Filter>
    </ClInclude>
    <ClInclude Include="src\core\resources\ResourceManager.h">
      <Filter>Header Files</Filter>
    </ClInclude>
    <ClInclude Include="src\game_objects\GameObject.h">
      <Filter>Header Files\game_objects</Filter>
    </ClInclude>
    <ClInclude Include="src\game_objects\AnimObject.h">
      <Filter>Header Files\game_objects</Filter>
    </ClInclude>
    <ClInclude Include="src\handlers\AnimMgr.h">
      <Filter>Header Files\handlers</Filter>
    </ClInclude>
    <ClInclude Include="src\animation\AnimTypes.h">
      <Filter>Header Files</Filter>
    </ClInclude>
    <ClInclude Include="src\animation\Animation.h">
      <Filter>Header Files</Filter>
    </ClInclude>
    <ClInclude Include="src\game_objects\Player.h">
      <Filter>Header Files\game_objects</Filter>
    </ClInclude>
    <ClInclude Include="src\animation\DuckFold.h">
      <Filter>Header Files</Filter>
    </ClInclude>
    <ClInclude Include="src\animation\Events.h">
      <Filter>Header Files</Filter>
    </ClInclude>
    <ClInclude Include="src\animation\FSM.h">
      <Filter>Header Files</Filter>
    </ClInclude>
    <ClInclude Include="src\animation\FSMEvent.h">
      <Filter>Header Files</Filter>
    </ClInclude>
    <ClInclude Include="src\animation\IgnoreUnknownEvent.h">
      <Filter>Header Files</Filter>
    </ClInclude>
    <ClInclude Include="src\animation\PlayerAnimFSM.h">
      <Filter>Header Files</Filter>
    </ClInclude>
    <ClInclude Include="src\animation\PlayerAnimStates.h">
      <Filter>Header Files</Filter>
    </ClInclude>
    <ClInclude Include="src\game_objects\BackgroundStatic.h">
      <Filter>Header Files</Filter>
    </ClInclude>
    <ClInclude Include="src\game_objects\InvariantObject.h">
      <Filter>Header Files</Filter>
    </ClInclude>
    <ClInclude Include="src\tilemap\Tile.h">
      <Filter>Header Files\tilemap</Filter>
    </ClInclude>
    <ClInclude Include="src\tilemap\Tilemap.h">
      <Filter>Header Files\tilemap</Filter>
    </ClInclude>
    <ClInclude Include="src\physics\Physics.h">
      <Filter>Source Files\physics</Filter>
    </ClInclude>
  </ItemGroup>
  <ItemGroup>
    <Font Include="Assets\Fonts\Crusty.ttf">
      <Filter>Assets\Fonts</Filter>
    </Font>
  </ItemGroup>
  <ItemGroup>
    <None Include="src\core\resources\tpl\ResourceManager.tpl">
      <Filter>Header Files\tpl</Filter>
    </None>
    <None Include="Config\Animations\Player.anim">
      <Filter>Config\Animations</Filter>
    </None>
    <None Include="Assets\tilesets\intro.tset">
      <Filter>Assets\tilesets</Filter>
    </None>
    <None Include="Assets\tilemaps\intro.tmap">
      <Filter>Assets\tilemaps</Filter>
    </None>
    <None Include="Config\tilemaps\intro.tmap" />
    <None Include="Config\tilesets\intro.tset" />
    <None Include="Config\tilemaps\intro2.tmap">
      <Filter>Assets\tilemaps</Filter>
    </None>
  </ItemGroup>
  <ItemGroup>
    <Image Include="Assets\Textures\SplashState\splash.jpg">
      <Filter>Assets\Textures\SplashState</Filter>
    </Image>
    <Image Include="Assets\Textures\TitleState\TitleBG.jpg">
      <Filter>Assets\Textures\TitleState</Filter>
    </Image>
    <Image Include="Assets\Textures\TitleState\TitleText.png">
      <Filter>Assets\Textures</Filter>
    </Image>
    <Image Include="Assets\Textures\Player\GokuSheet.png">
      <Filter>Assets\Textures\Player</Filter>
    </Image>
    <Image Include="Assets\Textures\Player\MegaManWee.png">
      <Filter>Assets\Textures\Player</Filter>
    </Image>
    <Image Include="Assets\Textures\backgrounds\Bg1.jpg" />
    <Image Include="Assets\Textures\tilesets\TSet1_50x50.png" />
  </ItemGroup>
  <ItemGroup>
    <Media Include="Assets\Music\TitleBGMusic.wav">
      <Filter>Assets\Music</Filter>
    </Media>
  </ItemGroup>
</Project>